
Microsoft Visual Studio Solution File, Format Version 12.00
# Visual Studio Version 17
VisualStudioVersion = 17.9.34723.18
MinimumVisualStudioVersion = 10.0.40219.1
Project("{9A19103F-16F7-4668-BE54-9A1E7A4F7556}") = "AvaloniaAppMVVM_1", "AvaloniaAppMVVM_1\AvaloniaAppMVVM_1.csproj", "{AD5DEA5B-CC16-4A54-B358-1D2852852101}"
EndProject
Project("{2150E333-8FDC-42A3-9474-1A3956D46DE8}") = "Services", "Services", "{43BAB750-CB96-4FB8-8B89-A0938E351A7A}"
EndProject
Project("{FAE04EC0-301F-11D3-BF4B-00C04F79EFBC}") = "AvaloniaDB", "AvaloniaDB\AvaloniaDB.csproj", "{29D30E87-5813-4EC4-9666-34FE5C6C5652}"
EndProject
Global
	GlobalSection(SolutionConfigurationPlatforms) = preSolution
		Debug|Any CPU = Debug|Any CPU
		Release|Any CPU = Release|Any CPU
	EndGlobalSection
	GlobalSection(ProjectConfigurationPlatforms) = postSolution
		{AD5DEA5B-CC16-4A54-B358-1D2852852101}.Debug|Any CPU.ActiveCfg = Debug|Any CPU
		{AD5DEA5B-CC16-4A54-B358-1D2852852101}.Debug|Any CPU.Build.0 = Debug|Any CPU
		{AD5DEA5B-CC16-4A54-B358-1D2852852101}.Release|Any CPU.ActiveCfg = Release|Any CPU
		{AD5DEA5B-CC16-4A54-B358-1D2852852101}.Release|Any CPU.Build.0 = Release|Any CPU
		{29D30E87-5813-4EC4-9666-34FE5C6C5652}.Debug|Any CPU.ActiveCfg = Debug|Any CPU
		{29D30E87-5813-4EC4-9666-34FE5C6C5652}.Debug|Any CPU.Build.0 = Debug|Any CPU
		{29D30E87-5813-4EC4-9666-34FE5C6C5652}.Release|Any CPU.ActiveCfg = Release|Any CPU
		{29D30E87-5813-4EC4-9666-34FE5C6C5652}.Release|Any CPU.Build.0 = Release|Any CPU
	EndGlobalSection
	GlobalSection(SolutionProperties) = preSolution
		HideSolutionNode = FALSE
	EndGlobalSection
	GlobalSection(NestedProjects) = preSolution
		{29D30E87-5813-4EC4-9666-34FE5C6C5652} = {43BAB750-CB96-4FB8-8B89-A0938E351A7A}
	EndGlobalSection
	GlobalSection(ExtensibilityGlobals) = postSolution
		SolutionGuid = {A44658AD-CF6B-41D8-BFD8-83FE372F70DE}
	EndGlobalSection
EndGlobal
